{
  "name": "binet",
  "version": "0.3.7",
  "lockfileVersion": 3,
  "requires": true,
  "packages": {
    "": {
      "name": "binet",
      "version": "0.3.7",
      "license": "MIT",
      "dependencies": {
        "bs32": "~0.1.5",
        "bsert": "~0.0.10"
      },
      "devDependencies": {
        "bmocha": "^2.1.0",
        "bufio": "^1.0.7"
      },
      "engines": {
        "node": ">=8.0.0"
      }
    },
    "node_modules/bmocha": {
      "version": "2.1.8",
      "resolved": "https://registry.npmjs.org/bmocha/-/bmocha-2.1.8.tgz",
      "integrity": "sha512-bog23Ckl9lRyBxrsi4FmX1rTz4d1WhHRpIA+q2lpoiXmNuroMHr1JUOU5sPiMZwvhLCxqffvWv3xCJC7PC126w==",
      "dev": true,
      "bin": {
        "_bmocha": "bin/_bmocha",
        "bmocha": "bin/bmocha"
      },
      "engines": {
        "node": ">=8.0.0"
      }
    },
    "node_modules/bs32": {
      "version": "0.1.6",
      "resolved": "https://registry.npmjs.org/bs32/-/bs32-0.1.6.tgz",
      "integrity": "sha512-usjDesQqZ8ihHXOnOEQuAdymBHnJEfSd+aELFSg1jN/V3iAf12HrylHlRJwIt6DTMmXpBDQ+YBg3Q3DIYdhRgQ==",
      "dependencies": {
        "bsert": "~0.0.10"
      },
      "engines": {
        "node": ">=8.0.0"
      }
    },
    "node_modules/bsert": {
      "version": "0.0.12",
      "resolved": "https://registry.npmjs.org/bsert/-/bsert-0.0.12.tgz",
      "integrity": "sha512-lUB0EMu4KhIf+VQ6RZJ7J3dFdohYSeta+gNgDi00Hi/t3k/W6xZlwm9PSSG0q7hJ2zW9Rsn5yaMPymETxroTRw==",
      "engines": {
        "node": ">=8.0.0"
      }
    },
    "node_modules/bufio": {
      "version": "1.2.0",
      "resolved": "https://registry.npmjs.org/bufio/-/bufio-1.2.0.tgz",
      "integrity": "sha512-UlFk8z/PwdhYQTXSQQagwGAdtRI83gib2n4uy4rQnenxUM2yQi8lBDzF230BNk+3wAoZDxYRoBwVVUPgHa9MCA==",
      "dev": true,
      "engines": {
        "node": ">=8.0.0"
      }
    }
  }
}
